
Microsoft Visual Studio Solution File, Format Version 12.00
# Visual Studio Version 17
VisualStudioVersion = 17.9.34723.18
MinimumVisualStudioVersion = 10.0.40219.1
Project("{FAE04EC0-301F-11D3-BF4B-00C04F79EFBC}") = "bd_dz2", "bd_dz2.csproj", "{4BDAC5C7-B6C6-4E74-AA15-B19E7CAC99D5}"
EndProject
Global
	GlobalSection(SolutionConfigurationPlatforms) = preSolution
		Debug|Any CPU = Debug|Any CPU
		Release|Any CPU = Release|Any CPU
	EndGlobalSection
	GlobalSection(ProjectConfigurationPlatforms) = postSolution
		{4BDAC5C7-B6C6-4E74-AA15-B19E7CAC99D5}.Debug|Any CPU.ActiveCfg = Debug|Any CPU
		{4BDAC5C7-B6C6-4E74-AA15-B19E7CAC99D5}.Debug|Any CPU.Build.0 = Debug|Any CPU
		{4BDAC5C7-B6C6-4E74-AA15-B19E7CAC99D5}.Release|Any CPU.ActiveCfg = Release|Any CPU
		{4BDAC5C7-B6C6-4E74-AA15-B19E7CAC99D5}.Release|Any CPU.Build.0 = Release|Any CPU
	EndGlobalSection
	GlobalSection(SolutionProperties) = preSolution
		HideSolutionNode = FALSE
	EndGlobalSection
	GlobalSection(ExtensibilityGlobals) = postSolution
		SolutionGuid = {D073BEF8-7F3D-4669-88C7-A6C729351C81}
	EndGlobalSection
EndGlobal
